
Microsoft Visual Studio Solution File, Format Version 12.00
# Visual Studio Version 17
VisualStudioVersion = 17.11.35222.181
MinimumVisualStudioVersion = 10.0.40219.1
Project("{FAE04EC0-301F-11D3-BF4B-00C04F79EFBC}") = "AIChatApp1", "AIChatApp1\AIChatApp1.csproj", "{22347EEB-C33B-4725-AEFD-4F5EBF530B9A}"
EndProject
Global
	GlobalSection(SolutionConfigurationPlatforms) = preSolution
		Debug|Any CPU = Debug|Any CPU
		Release|Any CPU = Release|Any CPU
	EndGlobalSection
	GlobalSection(ProjectConfigurationPlatforms) = postSolution
		{22347EEB-C33B-4725-AEFD-4F5EBF530B9A}.Debug|Any CPU.ActiveCfg = Debug|Any CPU
		{22347EEB-C33B-4725-AEFD-4F5EBF530B9A}.Debug|Any CPU.Build.0 = Debug|Any CPU
		{22347EEB-C33B-4725-AEFD-4F5EBF530B9A}.Release|Any CPU.ActiveCfg = Release|Any CPU
		{22347EEB-C33B-4725-AEFD-4F5EBF530B9A}.Release|Any CPU.Build.0 = Release|Any CPU
	EndGlobalSection
	GlobalSection(SolutionProperties) = preSolution
		HideSolutionNode = FALSE
	EndGlobalSection
	GlobalSection(ExtensibilityGlobals) = postSolution
		SolutionGuid = {E96E4816-8FF4-46CC-A4CB-F599975A31F7}
	EndGlobalSection
EndGlobal
